// !$*UTF8*$!
{
	archiveVersion = 1;
	classes = {
	};
	objectVersion = 46;
	objects = {

/* Begin PBXBuildFile section */
		4067BA191FD00E5200D4EDCC /* AppDelegate.swift in Sources */ = {isa = PBXBuildFile; fileRef = 4067BA181FD00E5200D4EDCC /* AppDelegate.swift */; };
		4067BA1B1FD00E5200D4EDCC /* ViewController.swift in Sources */ = {isa = PBXBuildFile; fileRef = 4067BA1A1FD00E5200D4EDCC /* ViewController.swift */; };
		4067BA1E1FD00E5200D4EDCC /* Main.storyboard in Resources */ = {isa = PBXBuildFile; fileRef = 4067BA1C1FD00E5200D4EDCC /* Main.storyboard */; };
		4067BA201FD00E5200D4EDCC /* Assets.xcassets in Resources */ = {isa = PBXBuildFile; fileRef = 4067BA1F1FD00E5200D4EDCC /* Assets.xcassets */; };
		4067BA231FD00E5200D4EDCC /* LaunchScreen.storyboard in Resources */ = {isa = PBXBuildFile; fileRef = 4067BA211FD00E5200D4EDCC /* LaunchScreen.storyboard */; };
/* End PBXBuildFile section */

/* Begin PBXFileReference section */
		4067BA151FD00E5200D4EDCC /* HOMER.app */ = {isa = PBXFileReference; explicitFileType = wrapper.application; includeInIndex = 0; path = HOMER.app; sourceTree = BUILT_PRODUCTS_DIR; };
		4067BA181FD00E5200D4EDCC /* AppDelegate.swift */ = {isa = PBXFileReference; lastKnownFileType = sourcecode.swift; path = AppDelegate.swift; sourceTree = "<group>"; };
		4067BA1A1FD00E5200D4EDCC /* ViewController.swift */ = {isa = PBXFileReference; lastKnownFileType = sourcecode.swift; path = ViewController.swift; sourceTree = "<group>"; };
		4067BA1D1FD00E5200D4EDCC /* Base */ = {isa = PBXFileReference; lastKnownFileType = file.storyboard; name = Base; path = Base.lproj/Main.storyboard; sourceTree = "<group>"; };
		4067BA1F1FD00E5200D4EDCC /* Assets.xcassets */ = {isa = PBXFileReference; lastKnownFileType = folder.assetcatalog; path = Assets.xcassets; sourceTree = "<group>"; };
		4067BA221FD00E5200D4EDCC /* Base */ = {isa = PBXFileReference; lastKnownFileType = file.storyboard; name = Base; path = Base.lproj/LaunchScreen.storyboard; sourceTree = "<group>"; };
		4067BA241FD00E5200D4EDCC /* Info.plist */ = {isa = PBXFileReference; lastKnownFileType = text.plist.xml; path = Info.plist; sourceTree = "<group>"; };
/* End PBXFileReference section */

/* Begin PBXFrameworksBuildPhase section */
		4067BA121FD00E5200D4EDCC /* Frameworks */ = {
			isa = PBXFrameworksBuildPhase;
			buildActionMask = 2147483647;
			files = (
			);
			runOnlyForDeploymentPostprocessing = 0;
		};
/* End PBXFrameworksBuildPhase section */

/* Begin PBXGroup section */
		4067BA0C1FD00E5200D4EDCC = {
			isa = PBXGroup;
			children = (
				4067BA171FD00E5200D4EDCC /* HOMER */,
				4067BA161FD00E5200D4EDCC /* Products */,
			);
			sourceTree = "<group>";
		};
		4067BA161FD00E5200D4EDCC /* Products */ = {
			isa = PBXGroup;
			children = (
				4067BA151FD00E5200D4EDCC /* HOMER.app */,
			);
			name = Products;
			sourceTree = "<group>";
		};
		4067BA171FD00E5200D4EDCC /* HOMER */ = {
			isa = PBXGroup;
			children = (
				4067BA181FD00E5200D4EDCC /* AppDelegate.swift */,
				4067BA1A1FD00E5200D4EDCC /* ViewController.swift */,
				4067BA1C1FD00E5200D4EDCC /* Main.storyboard */,
				4067BA1F1FD00E5200D4EDCC /* Assets.xcassets */,
				4067BA211FD00E5200D4EDCC /* LaunchScreen.storyboard */,
				4067BA241FD00E5200D4EDCC /* Info.plist */,
			);
			path = HOMER;
			sourceTree = "<group>";
		};
/* End PBXGroup section */

/* Begin PBXNativeTarget section */
		4067BA141FD00E5200D4EDCC /* HOMER */ = {
			isa = PBXNativeTarget;
			buildConfigurationList = 4067BA271FD00E5200D4EDCC /* Build configuration list for PBXNativeTarget "HOMER" */;
			buildPhases = (
				4067BA111FD00E5200D4EDCC /* Sources */,
				4067BA121FD00E5200D4EDCC /* Frameworks */,
				4067BA131FD00E5200D4EDCC /* Resources */,
			);
			buildRules = (
			);
			dependencies = (
			);
			name = HOMER;
			productName = HOMER;
			productReference = 4067BA151FD00E5200D4EDCC /* HOMER.app */;
			productType = "com.apple.product-type.application";
		};
/* End PBXNativeTarget section */

/* Begin PBXProject section */
		4067BA0D1FD00E5200D4EDCC /* Project object */ = {
			isa = PBXProject;
			attributes = {
				LastSwiftUpdateCheck = 0830;
				LastUpgradeCheck = 0830;
				ORGANIZATIONNAME = "LUONG INDUSTRIES";
				TargetAttributes = {
					4067BA141FD00E5200D4EDCC = {
						CreatedOnToolsVersion = 8.3.2;
						ProvisioningStyle = Automatic;
					};
				};
			};
			buildConfigurationList = 4067BA101FD00E5200D4EDCC /* Build configuration list for PBXProject "HOMER" */;
			compatibilityVersion = "Xcode 3.2";
			developmentRegion = English;
			hasScannedForEncodings = 0;
			knownRegions = (
				en,
				Base,
			);
			mainGroup = 4067BA0C1FD00E5200D4EDCC;
			productRefGroup = 4067BA161FD00E5200D4EDCC /* Products */;
			projectDirPath = "";
			projectRoot = "";
			targets = (
				4067BA141FD00E5200D4EDCC /* HOMER */,
			);
		};
/* End PBXProject section */

/* Begin PBXResourcesBuildPhase section */
		4067BA131FD00E5200D4EDCC /* Resources */ = {
			isa = PBXResourcesBuildPhase;
			buildActionMask = 2147483647;
			files = (
				4067BA231FD00E5200D4EDCC /* LaunchScreen.storyboard in Resources */,
				4067BA201FD00E5200D4EDCC /* Assets.xcassets in Resources */,
				4067BA1E1FD00E5200D4EDCC /* Main.storyboard in Resources */,
			);
			runOnlyForDeploymentPostprocessing = 0;
		};
/* End PBXResourcesBuildPhase section */

/* Begin PBXSourcesBuildPhase section */
		4067BA111FD00E5200D4EDCC /* Sources */ = {
			isa = PBXSourcesBuildPhase;
			buildActionMask = 2147483647;
			files = (
				4067BA1B1FD00E5200D4EDCC /* ViewController.swift in Sources */,
				4067BA191FD00E5200D4EDCC /* AppDelegate.swift in Sources */,
			);
			runOnlyForDeploymentPostprocessing = 0;
		};
/* End PBXSourcesBuildPhase section */

/* Begin PBXVariantGroup section */
		4067BA1C1FD00E5200D4EDCC /* Main.storyboard */ = {
			isa = PBXVariantGroup;
			children = (
				4067BA1D1FD00E5200D4EDCC /* Base */,
			);
			name = Main.storyboard;
			sourceTree = "<group>";
		};
		4067BA211FD00E5200D4EDCC /* LaunchScreen.storyboard */ = {
			isa = PBXVariantGroup;
			children = (
				4067BA221FD00E5200D4EDCC /* Base */,
			);
			name = LaunchScreen.storyboard;
			sourceTree = "<group>";
		};
/* End PBXVariantGroup section */

/* Begin XCBuildConfiguration section */
		4067BA251FD00E5200D4EDCC /* Debug */ = {
			isa = XCBuildConfiguration;
			buildSettings = {
				ALWAYS_SEARCH_USER_PATHS = NO;
				CLANG_ANALYZER_NONNULL = YES;
				CLANG_ANALYZER_NUMBER_OBJECT_CONVERSION = YES_AGGRESSIVE;
				CLANG_CXX_LANGUAGE_STANDARD = "gnu++0x";
				CLANG_CXX_LIBRARY = "libc++";
				CLANG_ENABLE_MODULES = YES;
				CLANG_ENABLE_OBJC_ARC = YES;
				CLANG_WARN_BOOL_CONVERSION = YES;
				CLANG_WARN_CONSTANT_CONVERSION = YES;
				CLANG_WARN_DIRECT_OBJC_ISA_USAGE = YES_ERROR;
				CLANG_WARN_DOCUMENTATION_COMMENTS = YES;
				CLANG_WARN_EMPTY_BODY = YES;
				CLANG_WARN_ENUM_CONVERSION = YES;
				CLANG_WARN_INFINITE_RECURSION = YES;
				CLANG_WARN_INT_CONVERSION = YES;
				CLANG_WARN_OBJC_ROOT_CLASS = YES_ERROR;
				CLANG_WARN_SUSPICIOUS_MOVE = YES;
				CLANG_WARN_UNREACHABLE_CODE = YES;
				CLANG_WARN__DUPLICATE_METHOD_MATCH = YES;
				"CODE_SIGN_IDENTITY[sdk=iphoneos*]" = "iPhone Developer";
				COPY_PHASE_STRIP = NO;
				DEBUG_INFORMATION_FORMAT = dwarf;
				ENABLE_STRICT_OBJC_MSGSEND = YES;
				ENABLE_TESTABILITY = YES;
				GCC_C_LANGUAGE_STANDARD = gnu99;
				GCC_DYNAMIC_NO_PIC = NO;
				GCC_NO_COMMON_BLOCKS = YES;
				GCC_OPTIMIZATION_LEVEL = 0;
				GCC_PREPROCESSOR_DEFINITIONS = (
					"DEBUG=1",
					"$(inherited)",
				);
				GCC_WARN_64_TO_32_BIT_CONVERSION = YES;
				GCC_WARN_ABOUT_RETURN_TYPE = YES_ERROR;
				GCC_WARN_UNDECLARED_SELECTOR = YES;
				GCC_WARN_UNINITIALIZED_AUTOS = YES_AGGRESSIVE;
				GCC_WARN_UNUSED_FUNCTION = YES;
				GCC_WARN_UNUSED_VARIABLE = YES;
				IPHONEOS_DEPLOYMENT_TARGET = 10.3;
				MTL_ENABLE_DEBUG_INFO = YES;
				ONLY_ACTIVE_ARCH = YES;
				SDKROOT = iphoneos;
				SWIFT_ACTIVE_COMPILATION_CONDITIONS = DEBUG;
				SWIFT_OPTIMIZATION_LEVEL = "-Onone";
			};
			name = Debug;
		};
		4067BA261FD00E5200D4EDCC /* Release */ = {
			isa = XCBuildConfiguration;
			buildSettings = {
				ALWAYS_SEARCH_USER_PATHS = NO;
				CLANG_ANALYZER_NONNULL = YES;
				CLANG_ANALYZER_NUMBER_OBJECT_CONVERSION = YES_AGGRESSIVE;
				CLANG_CXX_LANGUAGE_STANDARD = "gnu++0x";
				CLANG_CXX_LIBRARY = "libc++";
				CLANG_ENABLE_MODULES = YES;
				CLANG_ENABLE_OBJC_ARC = YES;
				CLANG_WARN_BOOL_CONVERSION = YES;
				CLANG_WARN_CONSTANT_CONVERSION = YES;
				CLANG_WARN_DIRECT_OBJC_ISA_USAGE = YES_ERROR;
				CLANG_WARN_DOCUMENTATION_COMMENTS = YES;
				CLANG_WARN_EMPTY_BODY = YES;
				CLANG_WARN_ENUM_CONVERSION = YES;
				CLANG_WARN_INFINITE_RECURSION = YES;
				CLANG_WARN_INT_CONVERSION = YES;
				CLANG_WARN_OBJC_ROOT_CLASS = YES_ERROR;
				CLANG_WARN_SUSPICIOUS_MOVE = YES;
				CLANG_WARN_UNREACHABLE_CODE = YES;
				CLANG_WARN__DUPLICATE_METHOD_MATCH = YES;
				"CODE_SIGN_IDENTITY[sdk=iphoneos*]" = "iPhone Developer";
				COPY_PHASE_STRIP = NO;
				DEBUG_INFORMATION_FORMAT = "dwarf-with-dsym";
				ENABLE_NS_ASSERTIONS = NO;
				ENABLE_STRICT_OBJC_MSGSEND = YES;
				GCC_C_LANGUAGE_STANDARD = gnu99;
				GCC_NO_COMMON_BLOCKS = YES;
				GCC_WARN_64_TO_32_BIT_CONVERSION = YES;
				GCC_WARN_ABOUT_RETURN_TYPE = YES_ERROR;
				GCC_WARN_UNDECLARED_SELECTOR = YES;
				GCC_WARN_UNINITIALIZED_AUTOS = YES_AGGRESSIVE;
				GCC_WARN_UNUSED_FUNCTION = YES;
				GCC_WARN_UNUSED_VARIABLE = YES;
				IPHONEOS_DEPLOYMENT_TARGET = 10.3;
				MTL_ENABLE_DEBUG_INFO = NO;
				SDKROOT = iphoneos;
				SWIFT_OPTIMIZATION_LEVEL = "-Owholemodule";
				VALIDATE_PRODUCT = YES;
			};
			name = Release;
		};
		4067BA281FD00E5200D4EDCC /* Debug */ = {
			isa = XCBuildConfiguration;
			buildSettings = {
				ASSETCATALOG_COMPILER_APPICON_NAME = AppIcon;
				INFOPLIST_FILE = HOMER/Info.plist;
				LD_RUNPATH_SEARCH_PATHS = "$(inherited) @executable_path/Frameworks";
				PRODUCT_BUNDLE_IDENTIFIER = com.industries.HOMER;
				PRODUCT_NAME = "$(TARGET_NAME)";
				SWIFT_VERSION = 3.0;
			};
			name = Debug;
		};
		4067BA291FD00E5200D4EDCC /* Release */ = {
			isa = XCBuildConfiguration;
			buildSettings = {
				ASSETCATALOG_COMPILER_APPICON_NAME = AppIcon;
				INFOPLIST_FILE = HOMER/Info.plist;
				LD_RUNPATH_SEARCH_PATHS = "$(inherited) @executable_path/Frameworks";
				PRODUCT_BUNDLE_IDENTIFIER = com.industries.HOMER;
				PRODUCT_NAME = "$(TARGET_NAME)";
				SWIFT_VERSION = 3.0;
			};
			name = Release;
		};
/* End XCBuildConfiguration section */

/* Begin XCConfigurationList section */
		4067BA101FD00E5200D4EDCC /* Build configuration list for PBXProject "HOMER" */ = {
			isa = XCConfigurationList;
			buildConfigurations = (
				4067BA251FD00E5200D4EDCC /* Debug */,
				4067BA261FD00E5200D4EDCC /* Release */,
			);
			defaultConfigurationIsVisible = 0;
			defaultConfigurationName = Release;
		};
		4067BA271FD00E5200D4EDCC /* Build configuration list for PBXNativeTarget "HOMER" */ = {
			isa = XCConfigurationList;
			buildConfigurations = (
				4067BA281FD00E5200D4EDCC /* Debug */,
				4067BA291FD00E5200D4EDCC /* Release */,
			);
			defaultConfigurationIsVisible = 0;
		};
/* End XCConfigurationList section */
	};
	rootObject = 4067BA0D1FD00E5200D4EDCC /* Project object */;
}
